
Microsoft Visual Studio Solution File, Format Version 12.00
# Visual Studio Version 17
VisualStudioVersion = 17.2.32616.157
MinimumVisualStudioVersion = 10.0.40219.1
Project("{FAE04EC0-301F-11D3-BF4B-00C04F79EFBC}") = "MoneyTeller", "MoneyTeller\MoneyTeller.csproj", "{0A6EC4C6-C942-402D-9556-1EDB367913EF}"
EndProject
Project("{FAE04EC0-301F-11D3-BF4B-00C04F79EFBC}") = "MoneyTeller.Conversion", "MoneyTeller.Conversion\MoneyTeller.Conversion.csproj", "{1DF34CAC-8168-4945-881E-A1178AC9B62F}"
EndProject
Project("{FAE04EC0-301F-11D3-BF4B-00C04F79EFBC}") = "MoneyTeller.Conversion.UnitTests", "MoneyTeller.Conversion.UnitTests\MoneyTeller.Conversion.UnitTests.csproj", "{106FE88D-B4F9-4154-9AFF-D0288CF353D2}"
EndProject
Project("{FAE04EC0-301F-11D3-BF4B-00C04F79EFBC}") = "MoneyTeller.ClientApp", "MoneyTeller.ClientApp\MoneyTeller.ClientApp.csproj", "{DB1DC4C3-4652-4584-AD3A-4EFCFC826EC6}"
EndProject
Global
	GlobalSection(SolutionConfigurationPlatforms) = preSolution
		Debug|Any CPU = Debug|Any CPU
		Release|Any CPU = Release|Any CPU
	EndGlobalSection
	GlobalSection(ProjectConfigurationPlatforms) = postSolution
		{0A6EC4C6-C942-402D-9556-1EDB367913EF}.Debug|Any CPU.ActiveCfg = Debug|Any CPU
		{0A6EC4C6-C942-402D-9556-1EDB367913EF}.Debug|Any CPU.Build.0 = Debug|Any CPU
		{0A6EC4C6-C942-402D-9556-1EDB367913EF}.Release|Any CPU.ActiveCfg = Release|Any CPU
		{0A6EC4C6-C942-402D-9556-1EDB367913EF}.Release|Any CPU.Build.0 = Release|Any CPU
		{1DF34CAC-8168-4945-881E-A1178AC9B62F}.Debug|Any CPU.ActiveCfg = Debug|Any CPU
		{1DF34CAC-8168-4945-881E-A1178AC9B62F}.Debug|Any CPU.Build.0 = Debug|Any CPU
		{1DF34CAC-8168-4945-881E-A1178AC9B62F}.Release|Any CPU.ActiveCfg = Release|Any CPU
		{1DF34CAC-8168-4945-881E-A1178AC9B62F}.Release|Any CPU.Build.0 = Release|Any CPU
		{106FE88D-B4F9-4154-9AFF-D0288CF353D2}.Debug|Any CPU.ActiveCfg = Debug|Any CPU
		{106FE88D-B4F9-4154-9AFF-D0288CF353D2}.Debug|Any CPU.Build.0 = Debug|Any CPU
		{106FE88D-B4F9-4154-9AFF-D0288CF353D2}.Release|Any CPU.ActiveCfg = Release|Any CPU
		{106FE88D-B4F9-4154-9AFF-D0288CF353D2}.Release|Any CPU.Build.0 = Release|Any CPU
		{DB1DC4C3-4652-4584-AD3A-4EFCFC826EC6}.Debug|Any CPU.ActiveCfg = Debug|Any CPU
		{DB1DC4C3-4652-4584-AD3A-4EFCFC826EC6}.Debug|Any CPU.Build.0 = Debug|Any CPU
		{DB1DC4C3-4652-4584-AD3A-4EFCFC826EC6}.Release|Any CPU.ActiveCfg = Release|Any CPU
		{DB1DC4C3-4652-4584-AD3A-4EFCFC826EC6}.Release|Any CPU.Build.0 = Release|Any CPU
	EndGlobalSection
	GlobalSection(SolutionProperties) = preSolution
		HideSolutionNode = FALSE
	EndGlobalSection
	GlobalSection(ExtensibilityGlobals) = postSolution
		SolutionGuid = {712F7E48-57A3-4B34-AF97-75E13FDC0F51}
	EndGlobalSection
EndGlobal
